
Microsoft Visual Studio Solution File, Format Version 12.00
# Visual Studio Version 17
VisualStudioVersion = 17.14.36414.22 d17.14
MinimumVisualStudioVersion = 10.0.40219.1
Project("{FAE04EC0-301F-11D3-BF4B-00C04F79EFBC}") = "Menu Especial", "Menu Especial\Menu Especial.csproj", "{AECD411F-F8EC-4A1D-86E1-DCA792B0DB8B}"
EndProject
Global
	GlobalSection(SolutionConfigurationPlatforms) = preSolution
		Debug|Any CPU = Debug|Any CPU
		Release|Any CPU = Release|Any CPU
	EndGlobalSection
	GlobalSection(ProjectConfigurationPlatforms) = postSolution
		{AECD411F-F8EC-4A1D-86E1-DCA792B0DB8B}.Debug|Any CPU.ActiveCfg = Debug|Any CPU
		{AECD411F-F8EC-4A1D-86E1-DCA792B0DB8B}.Debug|Any CPU.Build.0 = Debug|Any CPU
		{AECD411F-F8EC-4A1D-86E1-DCA792B0DB8B}.Release|Any CPU.ActiveCfg = Release|Any CPU
		{AECD411F-F8EC-4A1D-86E1-DCA792B0DB8B}.Release|Any CPU.Build.0 = Release|Any CPU
	EndGlobalSection
	GlobalSection(SolutionProperties) = preSolution
		HideSolutionNode = FALSE
	EndGlobalSection
	GlobalSection(ExtensibilityGlobals) = postSolution
		SolutionGuid = {3158DA05-5625-4C01-AE12-B2C89D879EBA}
	EndGlobalSection
EndGlobal
